// !$*UTF8*$!
{
	archiveVersion = 1;
	classes = {
	};
	objectVersion = 50;
	objects = {

/* Begin PBXBuildFile section */
		507AA6862361E3EF009234CB /* AppDelegate.m in Sources */ = {isa = PBXBuildFile; fileRef = 507AA6852361E3EF009234CB /* AppDelegate.m */; };
		507AA6892361E3EF009234CB /* SceneDelegate.m in Sources */ = {isa = PBXBuildFile; fileRef = 507AA6882361E3EF009234CB /* SceneDelegate.m */; };
		507AA68C2361E3EF009234CB /* ViewController.m in Sources */ = {isa = PBXBuildFile; fileRef = 507AA68B2361E3EF009234CB /* ViewController.m */; };
		507AA68F2361E3EF009234CB /* Main.storyboard in Resources */ = {isa = PBXBuildFile; fileRef = 507AA68D2361E3EF009234CB /* Main.storyboard */; };
		507AA6912361E3F0009234CB /* Assets.xcassets in Resources */ = {isa = PBXBuildFile; fileRef = 507AA6902361E3F0009234CB /* Assets.xcassets */; };
		507AA6942361E3F0009234CB /* LaunchScreen.storyboard in Resources */ = {isa = PBXBuildFile; fileRef = 507AA6922361E3F0009234CB /* LaunchScreen.storyboard */; };
		507AA6972361E3F0009234CB /* main.m in Sources */ = {isa = PBXBuildFile; fileRef = 507AA6962361E3F0009234CB /* main.m */; };
		507AA69F2361E46F009234CB /* FrogView.m in Sources */ = {isa = PBXBuildFile; fileRef = 507AA69E2361E46F009234CB /* FrogView.m */; };
/* End PBXBuildFile section */

/* Begin PBXFileReference section */
		507AA6812361E3EF009234CB /* Frog.app */ = {isa = PBXFileReference; explicitFileType = wrapper.application; includeInIndex = 0; path = Frog.app; sourceTree = BUILT_PRODUCTS_DIR; };
		507AA6842361E3EF009234CB /* AppDelegate.h */ = {isa = PBXFileReference; lastKnownFileType = sourcecode.c.h; path = AppDelegate.h; sourceTree = "<group>"; };
		507AA6852361E3EF009234CB /* AppDelegate.m */ = {isa = PBXFileReference; lastKnownFileType = sourcecode.c.objc; path = AppDelegate.m; sourceTree = "<group>"; };
		507AA6872361E3EF009234CB /* SceneDelegate.h */ = {isa = PBXFileReference; lastKnownFileType = sourcecode.c.h; path = SceneDelegate.h; sourceTree = "<group>"; };
		507AA6882361E3EF009234CB /* SceneDelegate.m */ = {isa = PBXFileReference; lastKnownFileType = sourcecode.c.objc; path = SceneDelegate.m; sourceTree = "<group>"; };
		507AA68A2361E3EF009234CB /* ViewController.h */ = {isa = PBXFileReference; lastKnownFileType = sourcecode.c.h; path = ViewController.h; sourceTree = "<group>"; };
		507AA68B2361E3EF009234CB /* ViewController.m */ = {isa = PBXFileReference; lastKnownFileType = sourcecode.c.objc; path = ViewController.m; sourceTree = "<group>"; };
		507AA68E2361E3EF009234CB /* Base */ = {isa = PBXFileReference; lastKnownFileType = file.storyboard; name = Base; path = Base.lproj/Main.storyboard; sourceTree = "<group>"; };
		507AA6902361E3F0009234CB /* Assets.xcassets */ = {isa = PBXFileReference; lastKnownFileType = folder.assetcatalog; path = Assets.xcassets; sourceTree = "<group>"; };
		507AA6932361E3F0009234CB /* Base */ = {isa = PBXFileReference; lastKnownFileType = file.storyboard; name = Base; path = Base.lproj/LaunchScreen.storyboard; sourceTree = "<group>"; };
		507AA6952361E3F0009234CB /* Info.plist */ = {isa = PBXFileReference; lastKnownFileType = text.plist.xml; path = Info.plist; sourceTree = "<group>"; };
		507AA6962361E3F0009234CB /* main.m */ = {isa = PBXFileReference; lastKnownFileType = sourcecode.c.objc; path = main.m; sourceTree = "<group>"; };
		507AA69D2361E46F009234CB /* FrogView.h */ = {isa = PBXFileReference; lastKnownFileType = sourcecode.c.h; path = FrogView.h; sourceTree = "<group>"; };
		507AA69E2361E46F009234CB /* FrogView.m */ = {isa = PBXFileReference; lastKnownFileType = sourcecode.c.objc; path = FrogView.m; sourceTree = "<group>"; };
/* End PBXFileReference section */

/* Begin PBXFrameworksBuildPhase section */
		507AA67E2361E3EF009234CB /* Frameworks */ = {
			isa = PBXFrameworksBuildPhase;
			buildActionMask = 2147483647;
			files = (
			);
			runOnlyForDeploymentPostprocessing = 0;
		};
/* End PBXFrameworksBuildPhase section */

/* Begin PBXGroup section */
		507AA6782361E3EF009234CB = {
			isa = PBXGroup;
			children = (
				507AA6832361E3EF009234CB /* Frog */,
				507AA6822361E3EF009234CB /* Products */,
			);
			sourceTree = "<group>";
		};
		507AA6822361E3EF009234CB /* Products */ = {
			isa = PBXGroup;
			children = (
				507AA6812361E3EF009234CB /* Frog.app */,
			);
			name = Products;
			sourceTree = "<group>";
		};
		507AA6832361E3EF009234CB /* Frog */ = {
			isa = PBXGroup;
			children = (
				507AA69D2361E46F009234CB /* FrogView.h */,
				507AA69E2361E46F009234CB /* FrogView.m */,
				507AA6842361E3EF009234CB /* AppDelegate.h */,
				507AA6852361E3EF009234CB /* AppDelegate.m */,
				507AA6872361E3EF009234CB /* SceneDelegate.h */,
				507AA6882361E3EF009234CB /* SceneDelegate.m */,
				507AA68A2361E3EF009234CB /* ViewController.h */,
				507AA68B2361E3EF009234CB /* ViewController.m */,
				507AA68D2361E3EF009234CB /* Main.storyboard */,
				507AA6902361E3F0009234CB /* Assets.xcassets */,
				507AA6922361E3F0009234CB /* LaunchScreen.storyboard */,
				507AA6952361E3F0009234CB /* Info.plist */,
				507AA6962361E3F0009234CB /* main.m */,
			);
			path = Frog;
			sourceTree = "<group>";
		};
/* End PBXGroup section */

/* Begin PBXNativeTarget section */
		507AA6802361E3EF009234CB /* Frog */ = {
			isa = PBXNativeTarget;
			buildConfigurationList = 507AA69A2361E3F0009234CB /* Build configuration list for PBXNativeTarget "Frog" */;
			buildPhases = (
				507AA67D2361E3EF009234CB /* Sources */,
				507AA67E2361E3EF009234CB /* Frameworks */,
				507AA67F2361E3EF009234CB /* Resources */,
			);
			buildRules = (
			);
			dependencies = (
			);
			name = Frog;
			productName = Frog;
			productReference = 507AA6812361E3EF009234CB /* Frog.app */;
			productType = "com.apple.product-type.application";
		};
/* End PBXNativeTarget section */

/* Begin PBXProject section */
		507AA6792361E3EF009234CB /* Project object */ = {
			isa = PBXProject;
			attributes = {
				LastUpgradeCheck = 1100;
				ORGANIZATIONNAME = "杨鑫磊";
				TargetAttributes = {
					507AA6802361E3EF009234CB = {
						CreatedOnToolsVersion = 11.0;
					};
				};
			};
			buildConfigurationList = 507AA67C2361E3EF009234CB /* Build configuration list for PBXProject "Frog" */;
			compatibilityVersion = "Xcode 9.3";
			developmentRegion = en;
			hasScannedForEncodings = 0;
			knownRegions = (
				en,
				Base,
			);
			mainGroup = 507AA6782361E3EF009234CB;
			productRefGroup = 507AA6822361E3EF009234CB /* Products */;
			projectDirPath = "";
			projectRoot = "";
			targets = (
				507AA6802361E3EF009234CB /* Frog */,
			);
		};
/* End PBXProject section */

/* Begin PBXResourcesBuildPhase section */
		507AA67F2361E3EF009234CB /* Resources */ = {
			isa = PBXResourcesBuildPhase;
			buildActionMask = 2147483647;
			files = (
				507AA6942361E3F0009234CB /* LaunchScreen.storyboard in Resources */,
				507AA6912361E3F0009234CB /* Assets.xcassets in Resources */,
				507AA68F2361E3EF009234CB /* Main.storyboard in Resources */,
			);
			runOnlyForDeploymentPostprocessing = 0;
		};
/* End PBXResourcesBuildPhase section */

/* Begin PBXSourcesBuildPhase section */
		507AA67D2361E3EF009234CB /* Sources */ = {
			isa = PBXSourcesBuildPhase;
			buildActionMask = 2147483647;
			files = (
				507AA68C2361E3EF009234CB /* ViewController.m in Sources */,
				507AA6862361E3EF009234CB /* AppDelegate.m in Sources */,
				507AA6972361E3F0009234CB /* main.m in Sources */,
				507AA69F2361E46F009234CB /* FrogView.m in Sources */,
				507AA6892361E3EF009234CB /* SceneDelegate.m in Sources */,
			);
			runOnlyForDeploymentPostprocessing = 0;
		};
/* End PBXSourcesBuildPhase section */

/* Begin PBXVariantGroup section */
		507AA68D2361E3EF009234CB /* Main.storyboard */ = {
			isa = PBXVariantGroup;
			children = (
				507AA68E2361E3EF009234CB /* Base */,
			);
			name = Main.storyboard;
			sourceTree = "<group>";
		};
		507AA6922361E3F0009234CB /* LaunchScreen.storyboard */ = {
			isa = PBXVariantGroup;
			children = (
				507AA6932361E3F0009234CB /* Base */,
			);
			name = LaunchScreen.storyboard;
			sourceTree = "<group>";
		};
/* End PBXVariantGroup section */

/* Begin XCBuildConfiguration section */
		507AA6982361E3F0009234CB /* Debug */ = {
			isa = XCBuildConfiguration;
			buildSettings = {
				ALWAYS_SEARCH_USER_PATHS = NO;
				CLANG_ANALYZER_NONNULL = YES;
				CLANG_ANALYZER_NUMBER_OBJECT_CONVERSION = YES_AGGRESSIVE;
				CLANG_CXX_LANGUAGE_STANDARD = "gnu++14";
				CLANG_CXX_LIBRARY = "libc++";
				CLANG_ENABLE_MODULES = YES;
				CLANG_ENABLE_OBJC_ARC = YES;
				CLANG_ENABLE_OBJC_WEAK = YES;
				CLANG_WARN_BLOCK_CAPTURE_AUTORELEASING = YES;
				CLANG_WARN_BOOL_CONVERSION = YES;
				CLANG_WARN_COMMA = YES;
				CLANG_WARN_CONSTANT_CONVERSION = YES;
				CLANG_WARN_DEPRECATED_OBJC_IMPLEMENTATIONS = YES;
				CLANG_WARN_DIRECT_OBJC_ISA_USAGE = YES_ERROR;
				CLANG_WARN_DOCUMENTATION_COMMENTS = YES;
				CLANG_WARN_EMPTY_BODY = YES;
				CLANG_WARN_ENUM_CONVERSION = YES;
				CLANG_WARN_INFINITE_RECURSION = YES;
				CLANG_WARN_INT_CONVERSION = YES;
				CLANG_WARN_NON_LITERAL_NULL_CONVERSION = YES;
				CLANG_WARN_OBJC_IMPLICIT_RETAIN_SELF = YES;
				CLANG_WARN_OBJC_LITERAL_CONVERSION = YES;
				CLANG_WARN_OBJC_ROOT_CLASS = YES_ERROR;
				CLANG_WARN_RANGE_LOOP_ANALYSIS = YES;
				CLANG_WARN_STRICT_PROTOTYPES = YES;
				CLANG_WARN_SUSPICIOUS_MOVE = YES;
				CLANG_WARN_UNGUARDED_AVAILABILITY = YES_AGGRESSIVE;
				CLANG_WARN_UNREACHABLE_CODE = YES;
				CLANG_WARN__DUPLICATE_METHOD_MATCH = YES;
				COPY_PHASE_STRIP = NO;
				DEBUG_INFORMATION_FORMAT = dwarf;
				ENABLE_STRICT_OBJC_MSGSEND = YES;
				ENABLE_TESTABILITY = YES;
				GCC_C_LANGUAGE_STANDARD = gnu11;
				GCC_DYNAMIC_NO_PIC = NO;
				GCC_NO_COMMON_BLOCKS = YES;
				GCC_OPTIMIZATION_LEVEL = 0;
				GCC_PREPROCESSOR_DEFINITIONS = (
					"DEBUG=1",
					"$(inherited)",
				);
				GCC_WARN_64_TO_32_BIT_CONVERSION = YES;
				GCC_WARN_ABOUT_RETURN_TYPE = YES_ERROR;
				GCC_WARN_UNDECLARED_SELECTOR = YES;
				GCC_WARN_UNINITIALIZED_AUTOS = YES_AGGRESSIVE;
				GCC_WARN_UNUSED_FUNCTION = YES;
				GCC_WARN_UNUSED_VARIABLE = YES;
				IPHONEOS_DEPLOYMENT_TARGET = 13.0;
				MTL_ENABLE_DEBUG_INFO = INCLUDE_SOURCE;
				MTL_FAST_MATH = YES;
				ONLY_ACTIVE_ARCH = YES;
				SDKROOT = iphoneos;
			};
			name = Debug;
		};
		507AA6992361E3F0009234CB /* Release */ = {
			isa = XCBuildConfiguration;
			buildSettings = {
				ALWAYS_SEARCH_USER_PATHS = NO;
				CLANG_ANALYZER_NONNULL = YES;
				CLANG_ANALYZER_NUMBER_OBJECT_CONVERSION = YES_AGGRESSIVE;
				CLANG_CXX_LANGUAGE_STANDARD = "gnu++14";
				CLANG_CXX_LIBRARY = "libc++";
				CLANG_ENABLE_MODULES = YES;
				CLANG_ENABLE_OBJC_ARC = YES;
				CLANG_ENABLE_OBJC_WEAK = YES;
				CLANG_WARN_BLOCK_CAPTURE_AUTORELEASING = YES;
				CLANG_WARN_BOOL_CONVERSION = YES;
				CLANG_WARN_COMMA = YES;
				CLANG_WARN_CONSTANT_CONVERSION = YES;
				CLANG_WARN_DEPRECATED_OBJC_IMPLEMENTATIONS = YES;
				CLANG_WARN_DIRECT_OBJC_ISA_USAGE = YES_ERROR;
				CLANG_WARN_DOCUMENTATION_COMMENTS = YES;
				CLANG_WARN_EMPTY_BODY = YES;
				CLANG_WARN_ENUM_CONVERSION = YES;
				CLANG_WARN_INFINITE_RECURSION = YES;
				CLANG_WARN_INT_CONVERSION = YES;
				CLANG_WARN_NON_LITERAL_NULL_CONVERSION = YES;
				CLANG_WARN_OBJC_IMPLICIT_RETAIN_SELF = YES;
				CLANG_WARN_OBJC_LITERAL_CONVERSION = YES;
				CLANG_WARN_OBJC_ROOT_CLASS = YES_ERROR;
				CLANG_WARN_RANGE_LOOP_ANALYSIS = YES;
				CLANG_WARN_STRICT_PROTOTYPES = YES;
				CLANG_WARN_SUSPICIOUS_MOVE = YES;
				CLANG_WARN_UNGUARDED_AVAILABILITY = YES_AGGRESSIVE;
				CLANG_WARN_UNREACHABLE_CODE = YES;
				CLANG_WARN__DUPLICATE_METHOD_MATCH = YES;
				COPY_PHASE_STRIP = NO;
				DEBUG_INFORMATION_FORMAT = "dwarf-with-dsym";
				ENABLE_NS_ASSERTIONS = NO;
				ENABLE_STRICT_OBJC_MSGSEND = YES;
				GCC_C_LANGUAGE_STANDARD = gnu11;
				GCC_NO_COMMON_BLOCKS = YES;
				GCC_WARN_64_TO_32_BIT_CONVERSION = YES;
				GCC_WARN_ABOUT_RETURN_TYPE = YES_ERROR;
				GCC_WARN_UNDECLARED_SELECTOR = YES;
				GCC_WARN_UNINITIALIZED_AUTOS = YES_AGGRESSIVE;
				GCC_WARN_UNUSED_FUNCTION = YES;
				GCC_WARN_UNUSED_VARIABLE = YES;
				IPHONEOS_DEPLOYMENT_TARGET = 13.0;
				MTL_ENABLE_DEBUG_INFO = NO;
				MTL_FAST_MATH = YES;
				SDKROOT = iphoneos;
				VALIDATE_PRODUCT = YES;
			};
			name = Release;
		};
		507AA69B2361E3F0009234CB /* Debug */ = {
			isa = XCBuildConfiguration;
			buildSettings = {
				ASSETCATALOG_COMPILER_APPICON_NAME = AppIcon;
				CODE_SIGN_STYLE = Automatic;
				DEVELOPMENT_TEAM = N96R6G7AKT;
				INFOPLIST_FILE = Frog/Info.plist;
				LD_RUNPATH_SEARCH_PATHS = (
					"$(inherited)",
					"@executable_path/Frameworks",
				);
				PRODUCT_BUNDLE_IDENTIFIER = com.NewClassY.yxl.Frog;
				PRODUCT_NAME = "$(TARGET_NAME)";
				TARGETED_DEVICE_FAMILY = "1,2";
			};
			name = Debug;
		};
		507AA69C2361E3F0009234CB /* Release */ = {
			isa = XCBuildConfiguration;
			buildSettings = {
				ASSETCATALOG_COMPILER_APPICON_NAME = AppIcon;
				CODE_SIGN_STYLE = Automatic;
				DEVELOPMENT_TEAM = N96R6G7AKT;
				INFOPLIST_FILE = Frog/Info.plist;
				LD_RUNPATH_SEARCH_PATHS = (
					"$(inherited)",
					"@executable_path/Frameworks",
				);
				PRODUCT_BUNDLE_IDENTIFIER = com.NewClassY.yxl.Frog;
				PRODUCT_NAME = "$(TARGET_NAME)";
				TARGETED_DEVICE_FAMILY = "1,2";
			};
			name = Release;
		};
/* End XCBuildConfiguration section */

/* Begin XCConfigurationList section */
		507AA67C2361E3EF009234CB /* Build configuration list for PBXProject "Frog" */ = {
			isa = XCConfigurationList;
			buildConfigurations = (
				507AA6982361E3F0009234CB /* Debug */,
				507AA6992361E3F0009234CB /* Release */,
			);
			defaultConfigurationIsVisible = 0;
			defaultConfigurationName = Release;
		};
		507AA69A2361E3F0009234CB /* Build configuration list for PBXNativeTarget "Frog" */ = {
			isa = XCConfigurationList;
			buildConfigurations = (
				507AA69B2361E3F0009234CB /* Debug */,
				507AA69C2361E3F0009234CB /* Release */,
			);
			defaultConfigurationIsVisible = 0;
			defaultConfigurationName = Release;
		};
/* End XCConfigurationList section */
	};
	rootObject = 507AA6792361E3EF009234CB /* Project object */;
}
